
Microsoft Visual Studio Solution File, Format Version 12.00
# Visual Studio Version 17
VisualStudioVersion = 17.14.36301.6 d17.14
MinimumVisualStudioVersion = 10.0.40219.1
Project("{FAE04EC0-301F-11D3-BF4B-00C04F79EFBC}") = "CSBasicsExam", "CSBasicsExam\CSBasicsExam.csproj", "{884E43AD-7D79-43C8-BC5C-7946FB16330D}"
EndProject
Global
	GlobalSection(SolutionConfigurationPlatforms) = preSolution
		Debug|Any CPU = Debug|Any CPU
		Release|Any CPU = Release|Any CPU
	EndGlobalSection
	GlobalSection(ProjectConfigurationPlatforms) = postSolution
		{884E43AD-7D79-43C8-BC5C-7946FB16330D}.Debug|Any CPU.ActiveCfg = Debug|Any CPU
		{884E43AD-7D79-43C8-BC5C-7946FB16330D}.Debug|Any CPU.Build.0 = Debug|Any CPU
		{884E43AD-7D79-43C8-BC5C-7946FB16330D}.Release|Any CPU.ActiveCfg = Release|Any CPU
		{884E43AD-7D79-43C8-BC5C-7946FB16330D}.Release|Any CPU.Build.0 = Release|Any CPU
	EndGlobalSection
	GlobalSection(SolutionProperties) = preSolution
		HideSolutionNode = FALSE
	EndGlobalSection
	GlobalSection(ExtensibilityGlobals) = postSolution
		SolutionGuid = {0B9F6BF8-7308-4BE6-8F86-CC36C6C65C7D}
	EndGlobalSection
EndGlobal
